// !$*UTF8*$!
{
	archiveVersion = 1;
	classes = {
	};
	objectVersion = 46;
	objects = {

/* Begin PBXBuildFile section */
		D31911821CAB81BE00E6EFBB /* AppDelegate.swift in Sources */ = {isa = PBXBuildFile; fileRef = D31911811CAB81BE00E6EFBB /* AppDelegate.swift */; };
		D31911841CAB81BE00E6EFBB /* ViewController.swift in Sources */ = {isa = PBXBuildFile; fileRef = D31911831CAB81BE00E6EFBB /* ViewController.swift */; };
		D31911871CAB81BE00E6EFBB /* Main.storyboard in Resources */ = {isa = PBXBuildFile; fileRef = D31911851CAB81BE00E6EFBB /* Main.storyboard */; };
		D31911891CAB81BE00E6EFBB /* Assets.xcassets in Resources */ = {isa = PBXBuildFile; fileRef = D31911881CAB81BE00E6EFBB /* Assets.xcassets */; };
		D319118C1CAB81BE00E6EFBB /* LaunchScreen.storyboard in Resources */ = {isa = PBXBuildFile; fileRef = D319118A1CAB81BE00E6EFBB /* LaunchScreen.storyboard */; };
/* End PBXBuildFile section */

/* Begin PBXFileReference section */
		D319117E1CAB81BE00E6EFBB /* Hello.app */ = {isa = PBXFileReference; explicitFileType = wrapper.application; includeInIndex = 0; path = Hello.app; sourceTree = BUILT_PRODUCTS_DIR; };
		D31911811CAB81BE00E6EFBB /* AppDelegate.swift */ = {isa = PBXFileReference; lastKnownFileType = sourcecode.swift; path = AppDelegate.swift; sourceTree = "<group>"; };
		D31911831CAB81BE00E6EFBB /* ViewController.swift */ = {isa = PBXFileReference; lastKnownFileType = sourcecode.swift; path = ViewController.swift; sourceTree = "<group>"; };
		D31911861CAB81BE00E6EFBB /* Base */ = {isa = PBXFileReference; lastKnownFileType = file.storyboard; name = Base; path = Base.lproj/Main.storyboard; sourceTree = "<group>"; };
		D31911881CAB81BE00E6EFBB /* Assets.xcassets */ = {isa = PBXFileReference; lastKnownFileType = folder.assetcatalog; path = Assets.xcassets; sourceTree = "<group>"; };
		D319118B1CAB81BE00E6EFBB /* Base */ = {isa = PBXFileReference; lastKnownFileType = file.storyboard; name = Base; path = Base.lproj/LaunchScreen.storyboard; sourceTree = "<group>"; };
		D319118D1CAB81BE00E6EFBB /* Info.plist */ = {isa = PBXFileReference; lastKnownFileType = text.plist.xml; path = Info.plist; sourceTree = "<group>"; };
/* End PBXFileReference section */

/* Begin PBXFrameworksBuildPhase section */
		D319117B1CAB81BE00E6EFBB /* Frameworks */ = {
			isa = PBXFrameworksBuildPhase;
			buildActionMask = 2147483647;
			files = (
			);
			runOnlyForDeploymentPostprocessing = 0;
		};
/* End PBXFrameworksBuildPhase section */

/* Begin PBXGroup section */
		D31911751CAB81BE00E6EFBB = {
			isa = PBXGroup;
			children = (
				D31911801CAB81BE00E6EFBB /* Hello */,
				D319117F1CAB81BE00E6EFBB /* Products */,
			);
			sourceTree = "<group>";
		};
		D319117F1CAB81BE00E6EFBB /* Products */ = {
			isa = PBXGroup;
			children = (
				D319117E1CAB81BE00E6EFBB /* Hello.app */,
			);
			name = Products;
			sourceTree = "<group>";
		};
		D31911801CAB81BE00E6EFBB /* Hello */ = {
			isa = PBXGroup;
			children = (
				D31911811CAB81BE00E6EFBB /* AppDelegate.swift */,
				D31911831CAB81BE00E6EFBB /* ViewController.swift */,
				D31911851CAB81BE00E6EFBB /* Main.storyboard */,
				D31911881CAB81BE00E6EFBB /* Assets.xcassets */,
				D319118A1CAB81BE00E6EFBB /* LaunchScreen.storyboard */,
				D319118D1CAB81BE00E6EFBB /* Info.plist */,
			);
			path = Hello;
			sourceTree = "<group>";
		};
/* End PBXGroup section */

/* Begin PBXNativeTarget section */
		D319117D1CAB81BE00E6EFBB /* Hello */ = {
			isa = PBXNativeTarget;
			buildConfigurationList = D31911901CAB81BE00E6EFBB /* Build configuration list for PBXNativeTarget "Hello" */;
			buildPhases = (
				D319117A1CAB81BE00E6EFBB /* Sources */,
				D319117B1CAB81BE00E6EFBB /* Frameworks */,
				D319117C1CAB81BE00E6EFBB /* Resources */,
			);
			buildRules = (
			);
			dependencies = (
			);
			name = Hello;
			productName = Hello;
			productReference = D319117E1CAB81BE00E6EFBB /* Hello.app */;
			productType = "com.apple.product-type.application";
		};
/* End PBXNativeTarget section */

/* Begin PBXProject section */
		D31911761CAB81BE00E6EFBB /* Project object */ = {
			isa = PBXProject;
			attributes = {
				LastSwiftUpdateCheck = 0730;
				LastUpgradeCheck = 0730;
				ORGANIZATIONNAME = "Annie Lace";
				TargetAttributes = {
					D319117D1CAB81BE00E6EFBB = {
						CreatedOnToolsVersion = 7.3;
						DevelopmentTeam = 2X2355EL8H;
					};
				};
			};
			buildConfigurationList = D31911791CAB81BE00E6EFBB /* Build configuration list for PBXProject "Hello" */;
			compatibilityVersion = "Xcode 3.2";
			developmentRegion = English;
			hasScannedForEncodings = 0;
			knownRegions = (
				en,
				Base,
			);
			mainGroup = D31911751CAB81BE00E6EFBB;
			productRefGroup = D319117F1CAB81BE00E6EFBB /* Products */;
			projectDirPath = "";
			projectRoot = "";
			targets = (
				D319117D1CAB81BE00E6EFBB /* Hello */,
			);
		};
/* End PBXProject section */

/* Begin PBXResourcesBuildPhase section */
		D319117C1CAB81BE00E6EFBB /* Resources */ = {
			isa = PBXResourcesBuildPhase;
			buildActionMask = 2147483647;
			files = (
				D319118C1CAB81BE00E6EFBB /* LaunchScreen.storyboard in Resources */,
				D31911891CAB81BE00E6EFBB /* Assets.xcassets in Resources */,
				D31911871CAB81BE00E6EFBB /* Main.storyboard in Resources */,
			);
			runOnlyForDeploymentPostprocessing = 0;
		};
/* End PBXResourcesBuildPhase section */

/* Begin PBXSourcesBuildPhase section */
		D319117A1CAB81BE00E6EFBB /* Sources */ = {
			isa = PBXSourcesBuildPhase;
			buildActionMask = 2147483647;
			files = (
				D31911841CAB81BE00E6EFBB /* ViewController.swift in Sources */,
				D31911821CAB81BE00E6EFBB /* AppDelegate.swift in Sources */,
			);
			runOnlyForDeploymentPostprocessing = 0;
		};
/* End PBXSourcesBuildPhase section */

/* Begin PBXVariantGroup section */
		D31911851CAB81BE00E6EFBB /* Main.storyboard */ = {
			isa = PBXVariantGroup;
			children = (
				D31911861CAB81BE00E6EFBB /* Base */,
			);
			name = Main.storyboard;
			sourceTree = "<group>";
		};
		D319118A1CAB81BE00E6EFBB /* LaunchScreen.storyboard */ = {
			isa = PBXVariantGroup;
			children = (
				D319118B1CAB81BE00E6EFBB /* Base */,
			);
			name = LaunchScreen.storyboard;
			sourceTree = "<group>";
		};
/* End PBXVariantGroup section */

/* Begin XCBuildConfiguration section */
		D319118E1CAB81BE00E6EFBB /* Debug */ = {
			isa = XCBuildConfiguration;
			buildSettings = {
				ALWAYS_SEARCH_USER_PATHS = NO;
				CLANG_ANALYZER_NONNULL = YES;
				CLANG_CXX_LANGUAGE_STANDARD = "gnu++0x";
				CLANG_CXX_LIBRARY = "libc++";
				CLANG_ENABLE_MODULES = YES;
				CLANG_ENABLE_OBJC_ARC = YES;
				CLANG_WARN_BOOL_CONVERSION = YES;
				CLANG_WARN_CONSTANT_CONVERSION = YES;
				CLANG_WARN_DIRECT_OBJC_ISA_USAGE = YES_ERROR;
				CLANG_WARN_EMPTY_BODY = YES;
				CLANG_WARN_ENUM_CONVERSION = YES;
				CLANG_WARN_INT_CONVERSION = YES;
				CLANG_WARN_OBJC_ROOT_CLASS = YES_ERROR;
				CLANG_WARN_UNREACHABLE_CODE = YES;
				CLANG_WARN__DUPLICATE_METHOD_MATCH = YES;
				"CODE_SIGN_IDENTITY[sdk=iphoneos*]" = "iPhone Developer";
				COPY_PHASE_STRIP = NO;
				DEBUG_INFORMATION_FORMAT = dwarf;
				ENABLE_STRICT_OBJC_MSGSEND = YES;
				ENABLE_TESTABILITY = YES;
				GCC_C_LANGUAGE_STANDARD = gnu99;
				GCC_DYNAMIC_NO_PIC = NO;
				GCC_NO_COMMON_BLOCKS = YES;
				GCC_OPTIMIZATION_LEVEL = 0;
				GCC_PREPROCESSOR_DEFINITIONS = (
					"DEBUG=1",
					"$(inherited)",
				);
				GCC_WARN_64_TO_32_BIT_CONVERSION = YES;
				GCC_WARN_ABOUT_RETURN_TYPE = YES_ERROR;
				GCC_WARN_UNDECLARED_SELECTOR = YES;
				GCC_WARN_UNINITIALIZED_AUTOS = YES_AGGRESSIVE;
				GCC_WARN_UNUSED_FUNCTION = YES;
				GCC_WARN_UNUSED_VARIABLE = YES;
				IPHONEOS_DEPLOYMENT_TARGET = 9.3;
				MTL_ENABLE_DEBUG_INFO = YES;
				ONLY_ACTIVE_ARCH = YES;
				SDKROOT = iphoneos;
				SWIFT_OPTIMIZATION_LEVEL = "-Onone";
			};
			name = Debug;
		};
		D319118F1CAB81BE00E6EFBB /* Release */ = {
			isa = XCBuildConfiguration;
			buildSettings = {
				ALWAYS_SEARCH_USER_PATHS = NO;
				CLANG_ANALYZER_NONNULL = YES;
				CLANG_CXX_LANGUAGE_STANDARD = "gnu++0x";
				CLANG_CXX_LIBRARY = "libc++";
				CLANG_ENABLE_MODULES = YES;
				CLANG_ENABLE_OBJC_ARC = YES;
				CLANG_WARN_BOOL_CONVERSION = YES;
				CLANG_WARN_CONSTANT_CONVERSION = YES;
				CLANG_WARN_DIRECT_OBJC_ISA_USAGE = YES_ERROR;
				CLANG_WARN_EMPTY_BODY = YES;
				CLANG_WARN_ENUM_CONVERSION = YES;
				CLANG_WARN_INT_CONVERSION = YES;
				CLANG_WARN_OBJC_ROOT_CLASS = YES_ERROR;
				CLANG_WARN_UNREACHABLE_CODE = YES;
				CLANG_WARN__DUPLICATE_METHOD_MATCH = YES;
				"CODE_SIGN_IDENTITY[sdk=iphoneos*]" = "iPhone Developer";
				COPY_PHASE_STRIP = NO;
				DEBUG_INFORMATION_FORMAT = "dwarf-with-dsym";
				ENABLE_NS_ASSERTIONS = NO;
				ENABLE_STRICT_OBJC_MSGSEND = YES;
				GCC_C_LANGUAGE_STANDARD = gnu99;
				GCC_NO_COMMON_BLOCKS = YES;
				GCC_WARN_64_TO_32_BIT_CONVERSION = YES;
				GCC_WARN_ABOUT_RETURN_TYPE = YES_ERROR;
				GCC_WARN_UNDECLARED_SELECTOR = YES;
				GCC_WARN_UNINITIALIZED_AUTOS = YES_AGGRESSIVE;
				GCC_WARN_UNUSED_FUNCTION = YES;
				GCC_WARN_UNUSED_VARIABLE = YES;
				IPHONEOS_DEPLOYMENT_TARGET = 9.3;
				MTL_ENABLE_DEBUG_INFO = NO;
				SDKROOT = iphoneos;
				VALIDATE_PRODUCT = YES;
			};
			name = Release;
		};
		D31911911CAB81BE00E6EFBB /* Debug */ = {
			isa = XCBuildConfiguration;
			buildSettings = {
				ASSETCATALOG_COMPILER_APPICON_NAME = AppIcon;
				CODE_SIGN_IDENTITY = "iPhone Developer";
				"CODE_SIGN_IDENTITY[sdk=iphoneos*]" = "iPhone Developer";
				INFOPLIST_FILE = Hello/Info.plist;
				LD_RUNPATH_SEARCH_PATHS = "$(inherited) @executable_path/Frameworks";
				PRODUCT_BUNDLE_IDENTIFIER = Untied.Hello;
				PRODUCT_NAME = "$(TARGET_NAME)";
				PROVISIONING_PROFILE = "";
			};
			name = Debug;
		};
		D31911921CAB81BE00E6EFBB /* Release */ = {
			isa = XCBuildConfiguration;
			buildSettings = {
				ASSETCATALOG_COMPILER_APPICON_NAME = AppIcon;
				CODE_SIGN_IDENTITY = "iPhone Developer";
				"CODE_SIGN_IDENTITY[sdk=iphoneos*]" = "iPhone Developer";
				INFOPLIST_FILE = Hello/Info.plist;
				LD_RUNPATH_SEARCH_PATHS = "$(inherited) @executable_path/Frameworks";
				PRODUCT_BUNDLE_IDENTIFIER = Untied.Hello;
				PRODUCT_NAME = "$(TARGET_NAME)";
				PROVISIONING_PROFILE = "";
			};
			name = Release;
		};
/* End XCBuildConfiguration section */

/* Begin XCConfigurationList section */
		D31911791CAB81BE00E6EFBB /* Build configuration list for PBXProject "Hello" */ = {
			isa = XCConfigurationList;
			buildConfigurations = (
				D319118E1CAB81BE00E6EFBB /* Debug */,
				D319118F1CAB81BE00E6EFBB /* Release */,
			);
			defaultConfigurationIsVisible = 0;
			defaultConfigurationName = Release;
		};
		D31911901CAB81BE00E6EFBB /* Build configuration list for PBXNativeTarget "Hello" */ = {
			isa = XCConfigurationList;
			buildConfigurations = (
				D31911911CAB81BE00E6EFBB /* Debug */,
				D31911921CAB81BE00E6EFBB /* Release */,
			);
			defaultConfigurationIsVisible = 0;
		};
/* End XCConfigurationList section */
	};
	rootObject = D31911761CAB81BE00E6EFBB /* Project object */;
}
